
Microsoft Visual Studio Solution File, Format Version 12.00
# Visual Studio Version 17
VisualStudioVersion = 17.0.32112.339
MinimumVisualStudioVersion = 10.0.40219.1
Project("{FAE04EC0-301F-11D3-BF4B-00C04F79EFBC}") = "FinalProj", "FinalProj\FinalProj.csproj", "{EFE7B607-FA62-4519-81B0-789A7EF00926}"
EndProject
Global
	GlobalSection(SolutionConfigurationPlatforms) = preSolution
		Debug|Any CPU = Debug|Any CPU
		Release|Any CPU = Release|Any CPU
	EndGlobalSection
	GlobalSection(ProjectConfigurationPlatforms) = postSolution
		{EFE7B607-FA62-4519-81B0-789A7EF00926}.Debug|Any CPU.ActiveCfg = Debug|Any CPU
		{EFE7B607-FA62-4519-81B0-789A7EF00926}.Debug|Any CPU.Build.0 = Debug|Any CPU
		{EFE7B607-FA62-4519-81B0-789A7EF00926}.Release|Any CPU.ActiveCfg = Release|Any CPU
		{EFE7B607-FA62-4519-81B0-789A7EF00926}.Release|Any CPU.Build.0 = Release|Any CPU
	EndGlobalSection
	GlobalSection(SolutionProperties) = preSolution
		HideSolutionNode = FALSE
	EndGlobalSection
	GlobalSection(ExtensibilityGlobals) = postSolution
		SolutionGuid = {5DD7C611-DEAA-4D59-AED9-E920116E8165}
	EndGlobalSection
EndGlobal
